
Microsoft Visual Studio Solution File, Format Version 12.00
# Visual Studio Version 16
VisualStudioVersion = 16.0.29318.209
MinimumVisualStudioVersion = 10.0.40219.1
Project("{FAE04EC0-301F-11D3-BF4B-00C04F79EFBC}") = "NaveegoGrpcPlugin", "NaveegoGrpcPlugin\NaveegoGrpcPlugin.csproj", "{65952571-BC78-418F-A4B6-1A46A1225AAB}"
EndProject
Global
	GlobalSection(SolutionConfigurationPlatforms) = preSolution
		Debug|Any CPU = Debug|Any CPU
		Release|Any CPU = Release|Any CPU
	EndGlobalSection
	GlobalSection(ProjectConfigurationPlatforms) = postSolution
		{65952571-BC78-418F-A4B6-1A46A1225AAB}.Debug|Any CPU.ActiveCfg = Debug|Any CPU
		{65952571-BC78-418F-A4B6-1A46A1225AAB}.Debug|Any CPU.Build.0 = Debug|Any CPU
		{65952571-BC78-418F-A4B6-1A46A1225AAB}.Release|Any CPU.ActiveCfg = Release|Any CPU
		{65952571-BC78-418F-A4B6-1A46A1225AAB}.Release|Any CPU.Build.0 = Release|Any CPU
	EndGlobalSection
	GlobalSection(SolutionProperties) = preSolution
		HideSolutionNode = FALSE
	EndGlobalSection
	GlobalSection(ExtensibilityGlobals) = postSolution
		SolutionGuid = {4F447E73-BAC3-49DF-AFD2-4EF27FF8529D}
	EndGlobalSection
EndGlobal
